{
  "name": "Animate",
  "version": "1.0.1",
  "lockfileVersion": 1,
  "requires": true,
  "dependencies": {
    "fsevents": {
      "version": "2.1.2",
      "resolved": "https://registry.npm.taobao.org/fsevents/download/fsevents-2.1.2.tgz?cache=0&sync_timestamp=1587379921716&other_urls=https%3A%2F%2Fregistry.npm.taobao.org%2Ffsevents%2Fdownload%2Ffsevents-2.1.2.tgz",
      "integrity": "sha1-TAofs0vGjlQ7S4Kp7Dkr+9qECAU=",
      "dev": true,
      "optional": true
    },
    "rollup": {
      "version": "2.7.1",
      "resolved": "https://registry.npm.taobao.org/rollup/download/rollup-2.7.1.tgz",
      "integrity": "sha1-1XHkmjWxySP+nPb3KQ26JIKGT9w=",
      "dev": true,
      "requires": {
        "fsevents": "~2.1.2"
      }
    }
  }
}
